
Microsoft Visual Studio Solution File, Format Version 12.00
# Visual Studio Version 16
VisualStudioVersion = 16.0.29920.165
MinimumVisualStudioVersion = 10.0.40219.1
Project("{FAE04EC0-301F-11D3-BF4B-00C04F79EFBC}") = "App01_ConsultarCEP.UWP", "App01_ConsultarCEP\App01_ConsultarCEP.UWP\App01_ConsultarCEP.UWP.csproj", "{6DDD0A6A-88F6-47EC-B04E-5C0E68623494}"
EndProject
Project("{FAE04EC0-301F-11D3-BF4B-00C04F79EFBC}") = "App01_ConsultarCEP.Android", "App01_ConsultarCEP\App01_ConsultarCEP.Android\App01_ConsultarCEP.Android.csproj", "{37FE81C7-D015-46AC-8BCA-215840829B4C}"
EndProject
Project("{FAE04EC0-301F-11D3-BF4B-00C04F79EFBC}") = "App01_ConsultarCEP.iOS", "App01_ConsultarCEP\App01_ConsultarCEP.iOS\App01_ConsultarCEP.iOS.csproj", "{BF760CEC-B352-4B3A-BAD5-BCBAA9B58457}"
EndProject
Project("{FAE04EC0-301F-11D3-BF4B-00C04F79EFBC}") = "App01_ConsultarCEP", "App01_ConsultarCEP\App01_ConsultarCEP\App01_ConsultarCEP.csproj", "{4E9FE1C0-A72A-4CF0-B197-A96270A49EDD}"
EndProject
Global
	GlobalSection(SolutionConfigurationPlatforms) = preSolution
		Debug|Any CPU = Debug|Any CPU
		Debug|ARM = Debug|ARM
		Debug|iPhone = Debug|iPhone
		Debug|iPhoneSimulator = Debug|iPhoneSimulator
		Debug|x64 = Debug|x64
		Debug|x86 = Debug|x86
		Release|Any CPU = Release|Any CPU
		Release|ARM = Release|ARM
		Release|iPhone = Release|iPhone
		Release|iPhoneSimulator = Release|iPhoneSimulator
		Release|x64 = Release|x64
		Release|x86 = Release|x86
	EndGlobalSection
	GlobalSection(ProjectConfigurationPlatforms) = postSolution
		{6DDD0A6A-88F6-47EC-B04E-5C0E68623494}.Debug|Any CPU.ActiveCfg = Debug|x86
		{6DDD0A6A-88F6-47EC-B04E-5C0E68623494}.Debug|Any CPU.Build.0 = Debug|x86
		{6DDD0A6A-88F6-47EC-B04E-5C0E68623494}.Debug|Any CPU.Deploy.0 = Debug|x86
		{6DDD0A6A-88F6-47EC-B04E-5C0E68623494}.Debug|ARM.ActiveCfg = Debug|ARM
		{6DDD0A6A-88F6-47EC-B04E-5C0E68623494}.Debug|ARM.Build.0 = Debug|ARM
		{6DDD0A6A-88F6-47EC-B04E-5C0E68623494}.Debug|ARM.Deploy.0 = Debug|ARM
		{6DDD0A6A-88F6-47EC-B04E-5C0E68623494}.Debug|iPhone.ActiveCfg = Debug|x86
		{6DDD0A6A-88F6-47EC-B04E-5C0E68623494}.Debug|iPhone.Build.0 = Debug|x86
		{6DDD0A6A-88F6-47EC-B04E-5C0E68623494}.Debug|iPhone.Deploy.0 = Debug|x86
		{6DDD0A6A-88F6-47EC-B04E-5C0E68623494}.Debug|iPhoneSimulator.ActiveCfg = Debug|x86
		{6DDD0A6A-88F6-47EC-B04E-5C0E68623494}.Debug|iPhoneSimulator.Build.0 = Debug|x86
		{6DDD0A6A-88F6-47EC-B04E-5C0E68623494}.Debug|iPhoneSimulator.Deploy.0 = Debug|x86
		{6DDD0A6A-88F6-47EC-B04E-5C0E68623494}.Debug|x64.ActiveCfg = Debug|x64
		{6DDD0A6A-88F6-47EC-B04E-5C0E68623494}.Debug|x64.Build.0 = Debug|x64
		{6DDD0A6A-88F6-47EC-B04E-5C0E68623494}.Debug|x64.Deploy.0 = Debug|x64
		{6DDD0A6A-88F6-47EC-B04E-5C0E68623494}.Debug|x86.ActiveCfg = Debug|x86
		{6DDD0A6A-88F6-47EC-B04E-5C0E68623494}.Debug|x86.Build.0 = Debug|x86
		{6DDD0A6A-88F6-47EC-B04E-5C0E68623494}.Debug|x86.Deploy.0 = Debug|x86
		{6DDD0A6A-88F6-47EC-B04E-5C0E68623494}.Release|Any CPU.ActiveCfg = Release|x86
		{6DDD0A6A-88F6-47EC-B04E-5C0E68623494}.Release|Any CPU.Build.0 = Release|x86
		{6DDD0A6A-88F6-47EC-B04E-5C0E68623494}.Release|Any CPU.Deploy.0 = Release|x86
		{6DDD0A6A-88F6-47EC-B04E-5C0E68623494}.Release|ARM.ActiveCfg = Release|ARM
		{6DDD0A6A-88F6-47EC-B04E-5C0E68623494}.Release|ARM.Build.0 = Release|ARM
		{6DDD0A6A-88F6-47EC-B04E-5C0E68623494}.Release|ARM.Deploy.0 = Release|ARM
		{6DDD0A6A-88F6-47EC-B04E-5C0E68623494}.Release|iPhone.ActiveCfg = Release|x86
		{6DDD0A6A-88F6-47EC-B04E-5C0E68623494}.Release|iPhone.Build.0 = Release|x86
		{6DDD0A6A-88F6-47EC-B04E-5C0E68623494}.Release|iPhone.Deploy.0 = Release|x86
		{6DDD0A6A-88F6-47EC-B04E-5C0E68623494}.Release|iPhoneSimulator.ActiveCfg = Release|x86
		{6DDD0A6A-88F6-47EC-B04E-5C0E68623494}.Release|iPhoneSimulator.Build.0 = Release|x86
		{6DDD0A6A-88F6-47EC-B04E-5C0E68623494}.Release|iPhoneSimulator.Deploy.0 = Release|x86
		{6DDD0A6A-88F6-47EC-B04E-5C0E68623494}.Release|x64.ActiveCfg = Release|x64
		{6DDD0A6A-88F6-47EC-B04E-5C0E68623494}.Release|x64.Build.0 = Release|x64
		{6DDD0A6A-88F6-47EC-B04E-5C0E68623494}.Release|x64.Deploy.0 = Release|x64
		{6DDD0A6A-88F6-47EC-B04E-5C0E68623494}.Release|x86.ActiveCfg = Release|x86
		{6DDD0A6A-88F6-47EC-B04E-5C0E68623494}.Release|x86.Build.0 = Release|x86
		{6DDD0A6A-88F6-47EC-B04E-5C0E68623494}.Release|x86.Deploy.0 = Release|x86
		{37FE81C7-D015-46AC-8BCA-215840829B4C}.Debug|Any CPU.ActiveCfg = Debug|Any CPU
		{37FE81C7-D015-46AC-8BCA-215840829B4C}.Debug|Any CPU.Build.0 = Debug|Any CPU
		{37FE81C7-D015-46AC-8BCA-215840829B4C}.Debug|Any CPU.Deploy.0 = Debug|Any CPU
		{37FE81C7-D015-46AC-8BCA-215840829B4C}.Debug|ARM.ActiveCfg = Debug|Any CPU
		{37FE81C7-D015-46AC-8BCA-215840829B4C}.Debug|ARM.Build.0 = Debug|Any CPU
		{37FE81C7-D015-46AC-8BCA-215840829B4C}.Debug|ARM.Deploy.0 = Debug|Any CPU
		{37FE81C7-D015-46AC-8BCA-215840829B4C}.Debug|iPhone.ActiveCfg = Debug|Any CPU
		{37FE81C7-D015-46AC-8BCA-215840829B4C}.Debug|iPhone.Build.0 = Debug|Any CPU
		{37FE81C7-D015-46AC-8BCA-215840829B4C}.Debug|iPhone.Deploy.0 = Debug|Any CPU
		{37FE81C7-D015-46AC-8BCA-215840829B4C}.Debug|iPhoneSimulator.ActiveCfg = Debug|Any CPU
		{37FE81C7-D015-46AC-8BCA-215840829B4C}.Debug|iPhoneSimulator.Build.0 = Debug|Any CPU
		{37FE81C7-D015-46AC-8BCA-215840829B4C}.Debug|iPhoneSimulator.Deploy.0 = Debug|Any CPU
		{37FE81C7-D015-46AC-8BCA-215840829B4C}.Debug|x64.ActiveCfg = Debug|Any CPU
		{37FE81C7-D015-46AC-8BCA-215840829B4C}.Debug|x64.Build.0 = Debug|Any CPU
		{37FE81C7-D015-46AC-8BCA-215840829B4C}.Debug|x64.Deploy.0 = Debug|Any CPU
		{37FE81C7-D015-46AC-8BCA-215840829B4C}.Debug|x86.ActiveCfg = Debug|Any CPU
		{37FE81C7-D015-46AC-8BCA-215840829B4C}.Debug|x86.Build.0 = Debug|Any CPU
		{37FE81C7-D015-46AC-8BCA-215840829B4C}.Debug|x86.Deploy.0 = Debug|Any CPU
		{37FE81C7-D015-46AC-8BCA-215840829B4C}.Release|Any CPU.ActiveCfg = Release|Any CPU
		{37FE81C7-D015-46AC-8BCA-215840829B4C}.Release|Any CPU.Build.0 = Release|Any CPU
		{37FE81C7-D015-46AC-8BCA-215840829B4C}.Release|Any CPU.Deploy.0 = Release|Any CPU
		{37FE81C7-D015-46AC-8BCA-215840829B4C}.Release|ARM.ActiveCfg = Release|Any CPU
		{37FE81C7-D015-46AC-8BCA-215840829B4C}.Release|ARM.Build.0 = Release|Any CPU
		{37FE81C7-D015-46AC-8BCA-215840829B4C}.Release|ARM.Deploy.0 = Release|Any CPU
		{37FE81C7-D015-46AC-8BCA-215840829B4C}.Release|iPhone.ActiveCfg = Release|Any CPU
		{37FE81C7-D015-46AC-8BCA-215840829B4C}.Release|iPhone.Build.0 = Release|Any CPU
		{37FE81C7-D015-46AC-8BCA-215840829B4C}.Release|iPhone.Deploy.0 = Release|Any CPU
		{37FE81C7-D015-46AC-8BCA-215840829B4C}.Release|iPhoneSimulator.ActiveCfg = Release|Any CPU
		{37FE81C7-D015-46AC-8BCA-215840829B4C}.Release|iPhoneSimulator.Build.0 = Release|Any CPU
		{37FE81C7-D015-46AC-8BCA-215840829B4C}.Release|iPhoneSimulator.Deploy.0 = Release|Any CPU
		{37FE81C7-D015-46AC-8BCA-215840829B4C}.Release|x64.ActiveCfg = Release|Any CPU
		{37FE81C7-D015-46AC-8BCA-215840829B4C}.Release|x64.Build.0 = Release|Any CPU
		{37FE81C7-D015-46AC-8BCA-215840829B4C}.Release|x64.Deploy.0 = Release|Any CPU
		{37FE81C7-D015-46AC-8BCA-215840829B4C}.Release|x86.ActiveCfg = Release|Any CPU
		{37FE81C7-D015-46AC-8BCA-215840829B4C}.Release|x86.Build.0 = Release|Any CPU
		{37FE81C7-D015-46AC-8BCA-215840829B4C}.Release|x86.Deploy.0 = Release|Any CPU
		{BF760CEC-B352-4B3A-BAD5-BCBAA9B58457}.Debug|Any CPU.ActiveCfg = Debug|iPhone
		{BF760CEC-B352-4B3A-BAD5-BCBAA9B58457}.Debug|Any CPU.Build.0 = Debug|iPhone
		{BF760CEC-B352-4B3A-BAD5-BCBAA9B58457}.Debug|Any CPU.Deploy.0 = Debug|iPhone
		{BF760CEC-B352-4B3A-BAD5-BCBAA9B58457}.Debug|ARM.ActiveCfg = Debug|iPhone
		{BF760CEC-B352-4B3A-BAD5-BCBAA9B58457}.Debug|ARM.Build.0 = Debug|iPhone
		{BF760CEC-B352-4B3A-BAD5-BCBAA9B58457}.Debug|ARM.Deploy.0 = Debug|iPhone
		{BF760CEC-B352-4B3A-BAD5-BCBAA9B58457}.Debug|iPhone.ActiveCfg = Debug|iPhone
		{BF760CEC-B352-4B3A-BAD5-BCBAA9B58457}.Debug|iPhone.Build.0 = Debug|iPhone
		{BF760CEC-B352-4B3A-BAD5-BCBAA9B58457}.Debug|iPhone.Deploy.0 = Debug|iPhone
		{BF760CEC-B352-4B3A-BAD5-BCBAA9B58457}.Debug|iPhoneSimulator.ActiveCfg = Debug|iPhoneSimulator
		{BF760CEC-B352-4B3A-BAD5-BCBAA9B58457}.Debug|iPhoneSimulator.Build.0 = Debug|iPhoneSimulator
		{BF760CEC-B352-4B3A-BAD5-BCBAA9B58457}.Debug|iPhoneSimulator.Deploy.0 = Debug|iPhoneSimulator
		{BF760CEC-B352-4B3A-BAD5-BCBAA9B58457}.Debug|x64.ActiveCfg = Debug|iPhone
		{BF760CEC-B352-4B3A-BAD5-BCBAA9B58457}.Debug|x64.Build.0 = Debug|iPhone
		{BF760CEC-B352-4B3A-BAD5-BCBAA9B58457}.Debug|x64.Deploy.0 = Debug|iPhone
		{BF760CEC-B352-4B3A-BAD5-BCBAA9B58457}.Debug|x86.ActiveCfg = Debug|iPhone
		{BF760CEC-B352-4B3A-BAD5-BCBAA9B58457}.Debug|x86.Build.0 = Debug|iPhone
		{BF760CEC-B352-4B3A-BAD5-BCBAA9B58457}.Debug|x86.Deploy.0 = Debug|iPhone
		{BF760CEC-B352-4B3A-BAD5-BCBAA9B58457}.Release|Any CPU.ActiveCfg = Release|iPhone
		{BF760CEC-B352-4B3A-BAD5-BCBAA9B58457}.Release|Any CPU.Build.0 = Release|iPhone
		{BF760CEC-B352-4B3A-BAD5-BCBAA9B58457}.Release|Any CPU.Deploy.0 = Release|iPhone
		{BF760CEC-B352-4B3A-BAD5-BCBAA9B58457}.Release|ARM.ActiveCfg = Release|iPhone
		{BF760CEC-B352-4B3A-BAD5-BCBAA9B58457}.Release|ARM.Build.0 = Release|iPhone
		{BF760CEC-B352-4B3A-BAD5-BCBAA9B58457}.Release|ARM.Deploy.0 = Release|iPhone
		{BF760CEC-B352-4B3A-BAD5-BCBAA9B58457}.Release|iPhone.ActiveCfg = Release|iPhone
		{BF760CEC-B352-4B3A-BAD5-BCBAA9B58457}.Release|iPhone.Build.0 = Release|iPhone
		{BF760CEC-B352-4B3A-BAD5-BCBAA9B58457}.Release|iPhone.Deploy.0 = Release|iPhone
		{BF760CEC-B352-4B3A-BAD5-BCBAA9B58457}.Release|iPhoneSimulator.ActiveCfg = Release|iPhoneSimulator
		{BF760CEC-B352-4B3A-BAD5-BCBAA9B58457}.Release|iPhoneSimulator.Build.0 = Release|iPhoneSimulator
		{BF760CEC-B352-4B3A-BAD5-BCBAA9B58457}.Release|iPhoneSimulator.Deploy.0 = Release|iPhoneSimulator
		{BF760CEC-B352-4B3A-BAD5-BCBAA9B58457}.Release|x64.ActiveCfg = Release|iPhone
		{BF760CEC-B352-4B3A-BAD5-BCBAA9B58457}.Release|x64.Build.0 = Release|iPhone
		{BF760CEC-B352-4B3A-BAD5-BCBAA9B58457}.Release|x64.Deploy.0 = Release|iPhone
		{BF760CEC-B352-4B3A-BAD5-BCBAA9B58457}.Release|x86.ActiveCfg = Release|iPhone
		{BF760CEC-B352-4B3A-BAD5-BCBAA9B58457}.Release|x86.Build.0 = Release|iPhone
		{BF760CEC-B352-4B3A-BAD5-BCBAA9B58457}.Release|x86.Deploy.0 = Release|iPhone
		{4E9FE1C0-A72A-4CF0-B197-A96270A49EDD}.Debug|Any CPU.ActiveCfg = Debug|Any CPU
		{4E9FE1C0-A72A-4CF0-B197-A96270A49EDD}.Debug|Any CPU.Build.0 = Debug|Any CPU
		{4E9FE1C0-A72A-4CF0-B197-A96270A49EDD}.Debug|Any CPU.Deploy.0 = Debug|Any CPU
		{4E9FE1C0-A72A-4CF0-B197-A96270A49EDD}.Debug|ARM.ActiveCfg = Debug|Any CPU
		{4E9FE1C0-A72A-4CF0-B197-A96270A49EDD}.Debug|ARM.Build.0 = Debug|Any CPU
		{4E9FE1C0-A72A-4CF0-B197-A96270A49EDD}.Debug|ARM.Deploy.0 = Debug|Any CPU
		{4E9FE1C0-A72A-4CF0-B197-A96270A49EDD}.Debug|iPhone.ActiveCfg = Debug|Any CPU
		{4E9FE1C0-A72A-4CF0-B197-A96270A49EDD}.Debug|iPhone.Build.0 = Debug|Any CPU
		{4E9FE1C0-A72A-4CF0-B197-A96270A49EDD}.Debug|iPhone.Deploy.0 = Debug|Any CPU
		{4E9FE1C0-A72A-4CF0-B197-A96270A49EDD}.Debug|iPhoneSimulator.ActiveCfg = Debug|Any CPU
		{4E9FE1C0-A72A-4CF0-B197-A96270A49EDD}.Debug|iPhoneSimulator.Build.0 = Debug|Any CPU
		{4E9FE1C0-A72A-4CF0-B197-A96270A49EDD}.Debug|iPhoneSimulator.Deploy.0 = Debug|Any CPU
		{4E9FE1C0-A72A-4CF0-B197-A96270A49EDD}.Debug|x64.ActiveCfg = Debug|Any CPU
		{4E9FE1C0-A72A-4CF0-B197-A96270A49EDD}.Debug|x64.Build.0 = Debug|Any CPU
		{4E9FE1C0-A72A-4CF0-B197-A96270A49EDD}.Debug|x64.Deploy.0 = Debug|Any CPU
		{4E9FE1C0-A72A-4CF0-B197-A96270A49EDD}.Debug|x86.ActiveCfg = Debug|Any CPU
		{4E9FE1C0-A72A-4CF0-B197-A96270A49EDD}.Debug|x86.Build.0 = Debug|Any CPU
		{4E9FE1C0-A72A-4CF0-B197-A96270A49EDD}.Debug|x86.Deploy.0 = Debug|Any CPU
		{4E9FE1C0-A72A-4CF0-B197-A96270A49EDD}.Release|Any CPU.ActiveCfg = Release|Any CPU
		{4E9FE1C0-A72A-4CF0-B197-A96270A49EDD}.Release|Any CPU.Build.0 = Release|Any CPU
		{4E9FE1C0-A72A-4CF0-B197-A96270A49EDD}.Release|Any CPU.Deploy.0 = Release|Any CPU
		{4E9FE1C0-A72A-4CF0-B197-A96270A49EDD}.Release|ARM.ActiveCfg = Release|Any CPU
		{4E9FE1C0-A72A-4CF0-B197-A96270A49EDD}.Release|ARM.Build.0 = Release|Any CPU
		{4E9FE1C0-A72A-4CF0-B197-A96270A49EDD}.Release|ARM.Deploy.0 = Release|Any CPU
		{4E9FE1C0-A72A-4CF0-B197-A96270A49EDD}.Release|iPhone.ActiveCfg = Release|Any CPU
		{4E9FE1C0-A72A-4CF0-B197-A96270A49EDD}.Release|iPhone.Build.0 = Release|Any CPU
		{4E9FE1C0-A72A-4CF0-B197-A96270A49EDD}.Release|iPhone.Deploy.0 = Release|Any CPU
		{4E9FE1C0-A72A-4CF0-B197-A96270A49EDD}.Release|iPhoneSimulator.ActiveCfg = Release|Any CPU
		{4E9FE1C0-A72A-4CF0-B197-A96270A49EDD}.Release|iPhoneSimulator.Build.0 = Release|Any CPU
		{4E9FE1C0-A72A-4CF0-B197-A96270A49EDD}.Release|iPhoneSimulator.Deploy.0 = Release|Any CPU
		{4E9FE1C0-A72A-4CF0-B197-A96270A49EDD}.Release|x64.ActiveCfg = Release|Any CPU
		{4E9FE1C0-A72A-4CF0-B197-A96270A49EDD}.Release|x64.Build.0 = Release|Any CPU
		{4E9FE1C0-A72A-4CF0-B197-A96270A49EDD}.Release|x64.Deploy.0 = Release|Any CPU
		{4E9FE1C0-A72A-4CF0-B197-A96270A49EDD}.Release|x86.ActiveCfg = Release|Any CPU
		{4E9FE1C0-A72A-4CF0-B197-A96270A49EDD}.Release|x86.Build.0 = Release|Any CPU
		{4E9FE1C0-A72A-4CF0-B197-A96270A49EDD}.Release|x86.Deploy.0 = Release|Any CPU
	EndGlobalSection
	GlobalSection(SolutionProperties) = preSolution
		HideSolutionNode = FALSE
	EndGlobalSection
	GlobalSection(ExtensibilityGlobals) = postSolution
		SolutionGuid = {3E1F3306-C79C-494C-A16D-9469A258CB43}
	EndGlobalSection
EndGlobal
